
Microsoft Visual Studio Solution File, Format Version 12.00
# Visual Studio Version 17
VisualStudioVersion = 17.7.34031.279
MinimumVisualStudioVersion = 10.0.40219.1
Project("{FAE04EC0-301F-11D3-BF4B-00C04F79EFBC}") = "DistribuidoraWebApi", "DistribuidoraWebApi\DistribuidoraWebApi.csproj", "{82E3D82D-A251-4E38-9DCC-7395324D2AD5}"
EndProject
Project("{FAE04EC0-301F-11D3-BF4B-00C04F79EFBC}") = "DistribuidoraEntities", "DistribuidoraEntities\DistribuidoraEntities.csproj", "{2122710A-9480-4633-AD9C-B2800FA9F034}"
EndProject
Project("{FAE04EC0-301F-11D3-BF4B-00C04F79EFBC}") = "DistribuidoraAcesoDatos", "DistribuidoraAcesoDatos\DistribuidoraAcesoDatos.csproj", "{C877AC8F-8BAD-48F6-B9F3-5146AEC72909}"
EndProject
Project("{FAE04EC0-301F-11D3-BF4B-00C04F79EFBC}") = "DistribuidoraNegocio", "DistribuidoraNegocio\DistribuidoraNegocio.csproj", "{EF58B28D-123A-494D-89B5-68F22E4C7485}"
EndProject
Global
	GlobalSection(SolutionConfigurationPlatforms) = preSolution
		Debug|Any CPU = Debug|Any CPU
		Release|Any CPU = Release|Any CPU
	EndGlobalSection
	GlobalSection(ProjectConfigurationPlatforms) = postSolution
		{82E3D82D-A251-4E38-9DCC-7395324D2AD5}.Debug|Any CPU.ActiveCfg = Debug|Any CPU
		{82E3D82D-A251-4E38-9DCC-7395324D2AD5}.Debug|Any CPU.Build.0 = Debug|Any CPU
		{82E3D82D-A251-4E38-9DCC-7395324D2AD5}.Release|Any CPU.ActiveCfg = Release|Any CPU
		{82E3D82D-A251-4E38-9DCC-7395324D2AD5}.Release|Any CPU.Build.0 = Release|Any CPU
		{2122710A-9480-4633-AD9C-B2800FA9F034}.Debug|Any CPU.ActiveCfg = Debug|Any CPU
		{2122710A-9480-4633-AD9C-B2800FA9F034}.Debug|Any CPU.Build.0 = Debug|Any CPU
		{2122710A-9480-4633-AD9C-B2800FA9F034}.Release|Any CPU.ActiveCfg = Release|Any CPU
		{2122710A-9480-4633-AD9C-B2800FA9F034}.Release|Any CPU.Build.0 = Release|Any CPU
		{C877AC8F-8BAD-48F6-B9F3-5146AEC72909}.Debug|Any CPU.ActiveCfg = Debug|Any CPU
		{C877AC8F-8BAD-48F6-B9F3-5146AEC72909}.Debug|Any CPU.Build.0 = Debug|Any CPU
		{C877AC8F-8BAD-48F6-B9F3-5146AEC72909}.Release|Any CPU.ActiveCfg = Release|Any CPU
		{C877AC8F-8BAD-48F6-B9F3-5146AEC72909}.Release|Any CPU.Build.0 = Release|Any CPU
		{EF58B28D-123A-494D-89B5-68F22E4C7485}.Debug|Any CPU.ActiveCfg = Debug|Any CPU
		{EF58B28D-123A-494D-89B5-68F22E4C7485}.Debug|Any CPU.Build.0 = Debug|Any CPU
		{EF58B28D-123A-494D-89B5-68F22E4C7485}.Release|Any CPU.ActiveCfg = Release|Any CPU
		{EF58B28D-123A-494D-89B5-68F22E4C7485}.Release|Any CPU.Build.0 = Release|Any CPU
	EndGlobalSection
	GlobalSection(SolutionProperties) = preSolution
		HideSolutionNode = FALSE
	EndGlobalSection
	GlobalSection(ExtensibilityGlobals) = postSolution
		SolutionGuid = {BFFDAD4F-B097-4E78-B716-06C1A9D99ABE}
	EndGlobalSection
EndGlobal
